
Microsoft Visual Studio Solution File, Format Version 12.00
# Visual Studio Version 17
VisualStudioVersion = 17.12.35506.116
MinimumVisualStudioVersion = 10.0.40219.1
Project("{FAE04EC0-301F-11D3-BF4B-00C04F79EFBC}") = "SignalRApi", "SignalRApi\SignalRApi.csproj", "{05DC79D4-CC0D-46CC-B4D3-AF4D41F83E4D}"
EndProject
Project("{FAE04EC0-301F-11D3-BF4B-00C04F79EFBC}") = "SignalRWebUI", "SignalRWebUI\SignalRWebUI.csproj", "{84BCA881-EF73-44CF-ACF9-0FEC2F9849CD}"
EndProject
Project("{FAE04EC0-301F-11D3-BF4B-00C04F79EFBC}") = "SignalR.EntityLayer", "SignalR.EntityLayer1\SignalR.EntityLayer.csproj", "{D42B92DA-E405-4F34-AF8F-7651E2055D28}"
EndProject
Project("{FAE04EC0-301F-11D3-BF4B-00C04F79EFBC}") = "SignalR.DataAccesLayer", "SignalR.DataAccesLayer\SignalR.DataAccesLayer.csproj", "{5EF5613C-652F-483D-8D3C-84AF5DACD61D}"
EndProject
Project("{FAE04EC0-301F-11D3-BF4B-00C04F79EFBC}") = "SignalR.DtoLayer", "SignalR.DtoLayer\SignalR.DtoLayer.csproj", "{20C8A1C1-E34A-463E-B671-BABB7580BA00}"
EndProject
Project("{FAE04EC0-301F-11D3-BF4B-00C04F79EFBC}") = "SignalR.BusinessLayer", "SignalR.BusinessLayer\SignalR.BusinessLayer.csproj", "{F8386EAE-0FF6-4090-8D3A-2022F974C472}"
EndProject
Global
	GlobalSection(SolutionConfigurationPlatforms) = preSolution
		Debug|Any CPU = Debug|Any CPU
		Release|Any CPU = Release|Any CPU
	EndGlobalSection
	GlobalSection(ProjectConfigurationPlatforms) = postSolution
		{05DC79D4-CC0D-46CC-B4D3-AF4D41F83E4D}.Debug|Any CPU.ActiveCfg = Debug|Any CPU
		{05DC79D4-CC0D-46CC-B4D3-AF4D41F83E4D}.Debug|Any CPU.Build.0 = Debug|Any CPU
		{05DC79D4-CC0D-46CC-B4D3-AF4D41F83E4D}.Release|Any CPU.ActiveCfg = Release|Any CPU
		{05DC79D4-CC0D-46CC-B4D3-AF4D41F83E4D}.Release|Any CPU.Build.0 = Release|Any CPU
		{84BCA881-EF73-44CF-ACF9-0FEC2F9849CD}.Debug|Any CPU.ActiveCfg = Debug|Any CPU
		{84BCA881-EF73-44CF-ACF9-0FEC2F9849CD}.Debug|Any CPU.Build.0 = Debug|Any CPU
		{84BCA881-EF73-44CF-ACF9-0FEC2F9849CD}.Release|Any CPU.ActiveCfg = Release|Any CPU
		{84BCA881-EF73-44CF-ACF9-0FEC2F9849CD}.Release|Any CPU.Build.0 = Release|Any CPU
		{D42B92DA-E405-4F34-AF8F-7651E2055D28}.Debug|Any CPU.ActiveCfg = Debug|Any CPU
		{D42B92DA-E405-4F34-AF8F-7651E2055D28}.Debug|Any CPU.Build.0 = Debug|Any CPU
		{D42B92DA-E405-4F34-AF8F-7651E2055D28}.Release|Any CPU.ActiveCfg = Release|Any CPU
		{D42B92DA-E405-4F34-AF8F-7651E2055D28}.Release|Any CPU.Build.0 = Release|Any CPU
		{5EF5613C-652F-483D-8D3C-84AF5DACD61D}.Debug|Any CPU.ActiveCfg = Debug|Any CPU
		{5EF5613C-652F-483D-8D3C-84AF5DACD61D}.Debug|Any CPU.Build.0 = Debug|Any CPU
		{5EF5613C-652F-483D-8D3C-84AF5DACD61D}.Release|Any CPU.ActiveCfg = Release|Any CPU
		{5EF5613C-652F-483D-8D3C-84AF5DACD61D}.Release|Any CPU.Build.0 = Release|Any CPU
		{20C8A1C1-E34A-463E-B671-BABB7580BA00}.Debug|Any CPU.ActiveCfg = Debug|Any CPU
		{20C8A1C1-E34A-463E-B671-BABB7580BA00}.Debug|Any CPU.Build.0 = Debug|Any CPU
		{20C8A1C1-E34A-463E-B671-BABB7580BA00}.Release|Any CPU.ActiveCfg = Release|Any CPU
		{20C8A1C1-E34A-463E-B671-BABB7580BA00}.Release|Any CPU.Build.0 = Release|Any CPU
		{F8386EAE-0FF6-4090-8D3A-2022F974C472}.Debug|Any CPU.ActiveCfg = Debug|Any CPU
		{F8386EAE-0FF6-4090-8D3A-2022F974C472}.Debug|Any CPU.Build.0 = Debug|Any CPU
		{F8386EAE-0FF6-4090-8D3A-2022F974C472}.Release|Any CPU.ActiveCfg = Release|Any CPU
		{F8386EAE-0FF6-4090-8D3A-2022F974C472}.Release|Any CPU.Build.0 = Release|Any CPU
	EndGlobalSection
	GlobalSection(SolutionProperties) = preSolution
		HideSolutionNode = FALSE
	EndGlobalSection
EndGlobal
